
Microsoft Visual Studio Solution File, Format Version 12.00
# Visual Studio Version 17
VisualStudioVersion = 17.11.35208.52
MinimumVisualStudioVersion = 10.0.40219.1
Project("{FAE04EC0-301F-11D3-BF4B-00C04F79EFBC}") = "s3test", "s3test\s3test.csproj", "{08B19345-D9E0-4969-8607-68B3CDEDEFD7}"
EndProject
Global
	GlobalSection(SolutionConfigurationPlatforms) = preSolution
		Debug|Any CPU = Debug|Any CPU
		Release|Any CPU = Release|Any CPU
	EndGlobalSection
	GlobalSection(ProjectConfigurationPlatforms) = postSolution
		{08B19345-D9E0-4969-8607-68B3CDEDEFD7}.Debug|Any CPU.ActiveCfg = Debug|Any CPU
		{08B19345-D9E0-4969-8607-68B3CDEDEFD7}.Debug|Any CPU.Build.0 = Debug|Any CPU
		{08B19345-D9E0-4969-8607-68B3CDEDEFD7}.Release|Any CPU.ActiveCfg = Release|Any CPU
		{08B19345-D9E0-4969-8607-68B3CDEDEFD7}.Release|Any CPU.Build.0 = Release|Any CPU
	EndGlobalSection
	GlobalSection(SolutionProperties) = preSolution
		HideSolutionNode = FALSE
	EndGlobalSection
	GlobalSection(ExtensibilityGlobals) = postSolution
		SolutionGuid = {E3F7B4C4-9554-4586-8FE6-8C60F53B0148}
	EndGlobalSection
EndGlobal
